dependencies:
  espressif/mdns:
    component_hash: d36b265164be5139f92de993f08f5ecaa0de0c0acbf84deee1f10bb5902d04ff
    dependencies:
    - name: idf
      require: private
      version: '>=5.0'
    source:
      registry_url: https://components.espressif.com/
      type: service
    version: 1.4.3
  idf:
    source:
      type: idf
    version: 5.2.2
direct_dependencies:
- espressif/mdns
manifest_hash: e7f1c61e6135aecdb38fc4be6c0a74a0b5dab2667145d593f168f8cd7832abc8
target: esp32c3
version: 2.0.0
